{
  "name": "@writetome51/public-array-remover",
  "version": "2.0.0",
  "lockfileVersion": 1,
  "requires": true,
  "dependencies": {
    "@writetome51/adjacent-to-value-info-interface": {
      "version": "1.0.2",
      "resolved": "https://registry.npmjs.org/@writetome51/adjacent-to-value-info-interface/-/adjacent-to-value-info-interface-1.0.2.tgz",
      "integrity": "sha512-rjqcohcCvzKfwLN+jyE1hHu3gfg1vgfChHFkCDctISj1cyBZQScQ8+dkGlF5wkWpIdwAhHh6VOPcfu9cfNEZ2Q=="
    },
    "@writetome51/array-and-index-validation": {
      "version": "1.0.3",
      "resolved": "https://registry.npmjs.org/@writetome51/array-and-index-validation/-/array-and-index-validation-1.0.3.tgz",
      "integrity": "sha512-l+SZ7APB/PVO1V3P20pQfG9jWKtIr06+aafur8sacuQbZEsrBmJ5DIrlK2Q58D8rM58Btvq5WvIs9s8SsDyXnQ==",
      "requires": {
        "basic-data-handling": "~1.0.13"
      }
    },
    "@writetome51/array-get-adjacent-at": {
      "version": "1.0.2",
      "resolved": "https://registry.npmjs.org/@writetome51/array-get-adjacent-at/-/array-get-adjacent-at-1.0.2.tgz",
      "integrity": "sha512-ou+gBnEt92QCrs8KrjPb6Mp0J6JAEJ3ldtNxUug0g0EAD6iac42Qklcjm1KSylboXxJf2AZHXlUNfFQLzfk2jw==",
      "requires": {
        "@writetome51/array-and-index-validation": "~1.0.3",
        "basic-data-handling": "~1.0.13"
      }
    },
    "@writetome51/array-get-and-remove-adjacent-at": {
      "version": "1.0.3",
      "resolved": "https://registry.npmjs.org/@writetome51/array-get-and-remove-adjacent-at/-/array-get-and-remove-adjacent-at-1.0.3.tgz",
      "integrity": "sha512-EtTVxqd01l03DukMkjLyyBQEExrGhOVkdSmD4Is3fm2o/Kjbm/R8NxjKPTa1tVXSKIITdtkqR6r0YkZ6L/d2XQ==",
      "requires": {
        "@writetome51/array-and-index-validation": "~1.0.3"
      }
    },
    "@writetome51/array-get-and-remove-adjacent-to-value": {
      "version": "1.0.5",
      "resolved": "https://registry.npmjs.org/@writetome51/array-get-and-remove-adjacent-to-value/-/array-get-and-remove-adjacent-to-value-1.0.5.tgz",
      "integrity": "sha512-n3ZX8bTaaFCS/GIcf5xKAWrFWvbveMO+tV0Taa9iUt2+IB9+NK8BbEuNh3dzsB2zagxMztjO5/DXHyib1Z9IIw==",
      "requires": {
        "@writetome51/adjacent-to-value-info-interface": "~1.0.2",
        "@writetome51/array-and-index-validation": "~1.0.3",
        "@writetome51/array-get-and-remove-adjacent-at": "~1.0.3",
        "@writetome51/array-get-indexes-basic": "~1.0.6",
        "basic-data-handling": "~1.0.13"
      }
    },
    "@writetome51/array-get-and-remove-all-after": {
      "version": "1.1.1",
      "resolved": "https://registry.npmjs.org/@writetome51/array-get-and-remove-all-after/-/array-get-and-remove-all-after-1.1.1.tgz",
      "integrity": "sha512-7opIqGmN2YNd1mFKtM/NUOyJ3XfBfy3SJHs650F8+TkpZxSmLJMnwOD7aZ5qbqkkFI6/eBXHjTCF5bCQYErlEA==",
      "requires": {
        "@writetome51/array-get-and-remove-all-before-or-after": "~1.0.3"
      }
    },
    "@writetome51/array-get-and-remove-all-before": {
      "version": "1.1.1",
      "resolved": "https://registry.npmjs.org/@writetome51/array-get-and-remove-all-before/-/array-get-and-remove-all-before-1.1.1.tgz",
      "integrity": "sha512-dW95Kx6YwHJK+OcwmZwR0CWDQ3DGmBC+Zof+mDKlSqTfP2VI/CUSaJ4SCCVSfZn/iKUZJtxYFtupMJPEr/TVqA==",
      "requires": {
        "@writetome51/array-get-and-remove-all-before-or-after": "~1.0.3"
      }
    },
    "@writetome51/array-get-and-remove-all-before-or-after": {
      "version": "1.0.4",
      "resolved": "https://registry.npmjs.org/@writetome51/array-get-and-remove-all-before-or-after/-/array-get-and-remove-all-before-or-after-1.0.4.tgz",
      "integrity": "sha512-Wco5GdtK8LzwQ4W0cj5V+K7yP6wCc9/YyhvxCmVZTKHu4fjS647nNsNPw7Mo0ptSzfpCu7OnjG4Ko1NiWRLOAA==",
      "requires": {
        "@writetome51/array-and-index-validation": "~1.0.3",
        "@writetome51/array-get-and-remove-head-tail": "~1.0.3",
        "@writetome51/array-get-indexes-basic": "~1.0.6",
        "@writetome51/array-get-indexes-intermediate": "~1.0.4"
      }
    },
    "@writetome51/array-get-and-remove-between": {
      "version": "1.0.3",
      "resolved": "https://registry.npmjs.org/@writetome51/array-get-and-remove-between/-/array-get-and-remove-between-1.0.3.tgz",
      "integrity": "sha512-0aTdMdRK9RMt7sZsazQnjRWuJrQS7NU+m5T8H0qBGSXegpkGVtSNNPgt27wBuZpjJcrHm+ZZaDTFXEKOg/TmYg==",
      "requires": {
        "@writetome51/array-get-and-remove-adjacent-at": "~1.0.3",
        "basic-data-handling": "~1.0.13"
      }
    },
    "@writetome51/array-get-and-remove-by-index": {
      "version": "1.0.2",
      "resolved": "https://registry.npmjs.org/@writetome51/array-get-and-remove-by-index/-/array-get-and-remove-by-index-1.0.2.tgz",
      "integrity": "sha512-vPR7ib97r5wntfcOl2WK/T/BhpTQtgNHRatIgKOffbtIwLB8hG2UcbWYbCwF/6y/Yoc7YachEl0hIX0ICN+A6A==",
      "requires": {
        "@writetome51/array-get-and-remove-adjacent-at": "~1.0.3"
      }
    },
    "@writetome51/array-get-and-remove-by-indexes": {
      "version": "1.0.2",
      "resolved": "https://registry.npmjs.org/@writetome51/array-get-and-remove-by-indexes/-/array-get-and-remove-by-indexes-1.0.2.tgz",
      "integrity": "sha512-3RM4FhBlQD0uUNW2WgCn9CINjp5OvPLE4VxcC1RyxC/8T45h9l+teWKynCwOJWM+fwoErSYHznFPxXzAQaaSaA==",
      "requires": {
        "@writetome51/array-and-index-validation": "~1.0.3",
        "@writetome51/array-get-and-remove-by-index": "~1.0.2",
        "@writetome51/array-get-copy": "~1.1.0",
        "@writetome51/array-remove-by-index": "~1.0.0",
        "@writetome51/array-remove-duplicates": "~1.1.1",
        "@writetome51/get-in-ascending-order": "~1.0.4",
        "@writetome51/set-array": "~1.0.1",
        "basic-data-handling": "~1.0.13"
      }
    },
    "@writetome51/array-get-and-remove-duplicates": {
      "version": "1.0.4",
      "resolved": "https://registry.npmjs.org/@writetome51/array-get-and-remove-duplicates/-/array-get-and-remove-duplicates-1.0.4.tgz",
      "integrity": "sha512-E3xfqFx5rHiKEMNS7eTLKmo8zN0EiOOhF2msng3NqiPP9W0O+I37YCMioh1e/byNrFHSFy4Bqtka+NISKLdBaA==",
      "requires": {
        "@writetome51/array-get-duplicates": "~1.1.0",
        "@writetome51/array-remove-all-of-first-of": "~1.0.4",
        "basic-data-handling": "~1.0.13",
        "error-if-not-populated-array": "~1.0.0"
      }
    },
    "@writetome51/array-get-and-remove-filtered-results": {
      "version": "2.0.5",
      "resolved": "https://registry.npmjs.org/@writetome51/array-get-and-remove-filtered-results/-/array-get-and-remove-filtered-results-2.0.5.tgz",
      "integrity": "sha512-bWtMn3b68B+PaI0bHc3unXYivdzhMvLekzsTgjB0x0d7KuvUi71k4FXIJ39iLwtq7Wkxr+DChcAaumEYjy3AHg==",
      "requires": {
        "@writetome51/array-get-filtered-results": "~2.0.1",
        "@writetome51/array-remove-by-indexes": "~1.0.0",
        "array-pluck": "^1.0.0",
        "basic-data-handling": "~1.0.13",
        "value-index-pair-interface": "~1.0.1"
      }
    },
    "@writetome51/array-get-and-remove-head-tail": {
      "version": "1.0.3",
      "resolved": "https://registry.npmjs.org/@writetome51/array-get-and-remove-head-tail/-/array-get-and-remove-head-tail-1.0.3.tgz",
      "integrity": "sha512-2/Svz1mVEHS6IMnbZOVvab6xTXfJPrenMJl1C9jkZ1uE+qjg6yqz5McqBtK1UZ2sH01tF5+yZpmLBOxAuMH2IA==",
      "requires": {
        "@writetome51/array-and-index-validation": "~1.0.3",
        "@writetome51/array-get-and-remove-adjacent-at": "~1.0.3",
        "basic-data-handling": "~1.0.13"
      }
    },
    "@writetome51/array-get-copy": {
      "version": "1.1.1",
      "resolved": "https://registry.npmjs.org/@writetome51/array-get-copy/-/array-get-copy-1.1.1.tgz",
      "integrity": "sha512-tByj8yi8qttZ7zs3PUJDe5ywAGw1r5zUvaIdSdyVqftbwK+sNNUxRCRxmrG1msseRZLjdy0bRYn1Go4wDbLYpw==",
      "requires": {
        "@writetome51/array-get-merged-arrays": "~1.1.0",
        "basic-data-handling": "~1.0.13"
      }
    },
    "@writetome51/array-get-duplicates": {
      "version": "1.1.1",
      "resolved": "https://registry.npmjs.org/@writetome51/array-get-duplicates/-/array-get-duplicates-1.1.1.tgz",
      "integrity": "sha512-hAIE5LM1ertrpQwKekNGyC7uBw/r9/8nNFSn47C6Yx0hKAyscZMEBmLBDr9pbp35FGU4UntfHVRUsWctU3IQlw==",
      "requires": {
        "@writetome51/array-get-indexes-intermediate": "~1.0.5",
        "@writetome51/array-get-unique-items": "~1.1.0",
        "basic-data-handling": "~1.0.13"
      }
    },
    "@writetome51/array-get-filtered-results": {
      "version": "2.0.2",
      "resolved": "https://registry.npmjs.org/@writetome51/array-get-filtered-results/-/array-get-filtered-results-2.0.2.tgz",
      "integrity": "sha512-CH7GLur1IBD16a8yXz6uMuYLMWfBukAnQpKKZ174Az+usecw9xp5xg9ywcgQLqSrucBdaXNWxTElYaedjbTXSQ==",
      "requires": {
        "basic-data-handling": "~1.0.13",
        "value-index-pair-interface": "~1.0.1"
      }
    },
    "@writetome51/array-get-indexes-basic": {
      "version": "1.0.7",
      "resolved": "https://registry.npmjs.org/@writetome51/array-get-indexes-basic/-/array-get-indexes-basic-1.0.7.tgz",
      "integrity": "sha512-0YKCrewndiO/VPLrf0ARsk0Hdg1/Asb6u/YZ0xjhkV2g5XOw5dum890uGTxVVi6rc51KRdS7oDs0mMcLTn+CAQ==",
      "requires": {
        "@writetome51/arrays-match": "~1.0.3",
        "basic-data-handling": "~1.0.13",
        "error-if-not-populated-array": "~1.0.0",
        "error-if-not-primitive-or-array": "~1.0.1",
        "error-if-values-are-not-arrays": "~1.0.2"
      }
    },
    "@writetome51/array-get-indexes-intermediate": {
      "version": "1.0.5",
      "resolved": "https://registry.npmjs.org/@writetome51/array-get-indexes-intermediate/-/array-get-indexes-intermediate-1.0.5.tgz",
      "integrity": "sha512-NNFi+67H8fSqHHIv5khrxIH3wyD2EL6qVEucmsEvIsWbdv1/T7UczzrP7duO1gink9Sm2n5j8PJnw0FYjjwcXQ==",
      "requires": {
        "@writetome51/array-get-indexes-basic": "~1.0.7",
        "@writetome51/arrays-match": "~1.0.4",
        "basic-data-handling": "~1.0.13",
        "error-if-not-primitive-or-array": "~1.0.1"
      }
    },
    "@writetome51/array-get-merged-arrays": {
      "version": "1.1.1",
      "resolved": "https://registry.npmjs.org/@writetome51/array-get-merged-arrays/-/array-get-merged-arrays-1.1.1.tgz",
      "integrity": "sha512-lLVBzAKcvq1xeHXACBcGgmkCAUFHuncYg6ARqjAwtYUIOK74XLPD8cRF+f2Ft0PODELLYGtyFtvmncjEec0arQ==",
      "requires": {
        "basic-data-handling": "~1.0.13"
      }
    },
    "@writetome51/array-get-unique-items": {
      "version": "1.1.1",
      "resolved": "https://registry.npmjs.org/@writetome51/array-get-unique-items/-/array-get-unique-items-1.1.1.tgz",
      "integrity": "sha512-a1boGgQU3Zud/QQoPKHN/LlKbbFvtQ+uGwINs/hv0WiTCm72tNUh3dsTk0FWfSOWuA2ye2dZnjH5c+5AKBl8IQ==",
      "requires": {
        "@writetome51/array-has": "~1.0.6",
        "@writetome51/not": "~1.0.3",
        "basic-data-handling": "~1.0.13"
      }
    },
    "@writetome51/array-has": {
      "version": "1.0.6",
      "resolved": "https://registry.npmjs.org/@writetome51/array-has/-/array-has-1.0.6.tgz",
      "integrity": "sha512-0Ws+Dg4IIdzENXa8vD2BCvJqgQ4aFNW6X07FbThVcyHwqzKws6C6LknECFuXIrlMBHl5wVdjEC9zKi6y4a4jCQ==",
      "requires": {
        "@writetome51/array-get-adjacent-at": "~1.0.1",
        "@writetome51/array-get-indexes-basic": "~1.0.6",
        "@writetome51/array-get-indexes-intermediate": "~1.0.4",
        "@writetome51/arrays-match": "~1.0.4",
        "basic-data-handling": "~1.0.13"
      }
    },
    "@writetome51/array-remove-adjacent-at": {
      "version": "1.0.3",
      "resolved": "https://registry.npmjs.org/@writetome51/array-remove-adjacent-at/-/array-remove-adjacent-at-1.0.3.tgz",
      "integrity": "sha512-Eszxv/cFOHw6uZ6w+v0+GH1F5aZBeaJNwrQyt8EhHeOysE9UazzzN0E1cj6F3Ipyegv1yFe3hWU0Gjh2VfFPmQ==",
      "requires": {
        "@writetome51/array-get-and-remove-adjacent-at": "~1.0.2"
      }
    },
    "@writetome51/array-remove-adjacent-to-value": {
      "version": "1.0.2",
      "resolved": "https://registry.npmjs.org/@writetome51/array-remove-adjacent-to-value/-/array-remove-adjacent-to-value-1.0.2.tgz",
      "integrity": "sha512-s7lBSCbNttk1EEBo3GZ4HKD3R3Ynkhmge5VAQfb+gP2664Pjh5BxdeBKGwc4/MHwS4Fe4Bztr8HnHGLSgCpcrA==",
      "requires": {
        "@writetome51/adjacent-to-value-info-interface": "~1.0.2",
        "@writetome51/array-get-and-remove-adjacent-to-value": "~1.0.4"
      }
    },
    "@writetome51/array-remove-all-after-before": {
      "version": "1.0.4",
      "resolved": "https://registry.npmjs.org/@writetome51/array-remove-all-after-before/-/array-remove-all-after-before-1.0.4.tgz",
      "integrity": "sha512-fji0Zsn5MGvFzmOzouIO1F1XReEz1kSxphs7ak7C+2X6ewmtqv7u4IEfcCXYk4bW1OISM904NiPtB1JJ7v/T1g==",
      "requires": {
        "@writetome51/array-get-and-remove-all-after": "~1.1.0",
        "@writetome51/array-get-and-remove-all-before": "~1.1.0"
      }
    },
    "@writetome51/array-remove-all-of-first-of": {
      "version": "1.0.5",
      "resolved": "https://registry.npmjs.org/@writetome51/array-remove-all-of-first-of/-/array-remove-all-of-first-of-1.0.5.tgz",
      "integrity": "sha512-QKCoVy64kHhtC05HtU1LWDz9mp3XJRAcFZrVclJXeD+JpwC81guBM5TYzF2luwdqm9Xjl9ZkV/P9awGTsRiDgQ==",
      "requires": {
        "@writetome51/array-get-indexes-basic": "~1.0.6",
        "@writetome51/array-has": "~1.0.5",
        "@writetome51/array-remove-by-index": "~1.0.0",
        "error-if-not-populated-array": "~1.0.0"
      }
    },
    "@writetome51/array-remove-between": {
      "version": "1.0.2",
      "resolved": "https://registry.npmjs.org/@writetome51/array-remove-between/-/array-remove-between-1.0.2.tgz",
      "integrity": "sha512-tAIvDBE2+FVaiA9sG+9GAs9PBtu/zgkTdUN+I6N0WGFKajtrkIYFiYjHeTn/+vFrlkL3Lkcx/2xY66J3lgeLgQ==",
      "requires": {
        "@writetome51/array-get-and-remove-between": "~1.0.3"
      }
    },
    "@writetome51/array-remove-by-index": {
      "version": "1.0.1",
      "resolved": "https://registry.npmjs.org/@writetome51/array-remove-by-index/-/array-remove-by-index-1.0.1.tgz",
      "integrity": "sha512-Tbs6LdAPKNtELxfZ3ZYGo/AcV2cBKgmIbEK6TbPsRBLLtcq0Q7wgSufgFhYqwU6YNsfni/ilA0hG98F1Qmb3dA==",
      "requires": {
        "@writetome51/array-get-and-remove-by-index": "~1.0.2"
      }
    },
    "@writetome51/array-remove-by-indexes": {
      "version": "1.0.1",
      "resolved": "https://registry.npmjs.org/@writetome51/array-remove-by-indexes/-/array-remove-by-indexes-1.0.1.tgz",
      "integrity": "sha512-CzdnNjKrytH2w9mwL4TSKPYFHr1aIRF/7RwWfkIm2Zi12kjjMiqBlu43zTHASsB9VlUiXVHPN7MXo5qBcyXy8Q==",
      "requires": {
        "@writetome51/array-get-and-remove-by-indexes": "~1.0.2"
      }
    },
    "@writetome51/array-remove-duplicates": {
      "version": "1.1.1",
      "resolved": "https://registry.npmjs.org/@writetome51/array-remove-duplicates/-/array-remove-duplicates-1.1.1.tgz",
      "integrity": "sha512-8v07TnN9KOUT7JfDNp34mXoA0KHKphjLEDcEUGFVL0S8X1oraESNqzlMND/kseFW7u4iRYSWj9XrJIUu9aLgHQ==",
      "requires": {
        "@writetome51/array-get-and-remove-duplicates": "~1.0.3"
      }
    },
    "@writetome51/array-remove-filtered-results": {
      "version": "1.0.3",
      "resolved": "https://registry.npmjs.org/@writetome51/array-remove-filtered-results/-/array-remove-filtered-results-1.0.3.tgz",
      "integrity": "sha512-uYlQ9BPK0DDZgIsIFZVN1O0skHEfnYT1KL8tN2/Ucr7Qjiiy6/WgBFuzhT5PzA5wDsuSOmfIDxfbD86VVK+7Ew==",
      "requires": {
        "@writetome51/array-get-and-remove-filtered-results": "~2.0.4"
      }
    },
    "@writetome51/array-remove-head-tail": {
      "version": "1.0.3",
      "resolved": "https://registry.npmjs.org/@writetome51/array-remove-head-tail/-/array-remove-head-tail-1.0.3.tgz",
      "integrity": "sha512-q4nqVuo0yFakoBQE5f056xFlhm5J+wQzmmlxTR66ckHBgGWM8F9yNFqpx8Wc7StSgYGOz6P6hPi4PriM2P1VLw==",
      "requires": {
        "@writetome51/array-get-and-remove-head-tail": "~1.0.2",
        "@writetome51/arrays-match": "~1.0.2"
      }
    },
    "@writetome51/arrays-match": {
      "version": "1.0.4",
      "resolved": "https://registry.npmjs.org/@writetome51/arrays-match/-/arrays-match-1.0.4.tgz",
      "integrity": "sha512-lGsKy0igy34c0gggD8KgusyavX+KhQwbEiJvT6VjZ0Wj7eWELFOqzc4qnH5uB0zCn7PdOwAjXQu9XWUabA9Jcg==",
      "requires": {
        "basic-data-handling": "~1.0.13",
        "error-if-values-are-not-arrays": "~1.0.2"
      }
    },
    "@writetome51/base-class": {
      "version": "0.0.2",
      "resolved": "https://registry.npmjs.org/@writetome51/base-class/-/base-class-0.0.2.tgz",
      "integrity": "sha512-ILp2+5S3nEo8tNrzrAesYibRQCrlWNW86GJlS/RDgK8LMXCSc6QYcKd6MCOM4r9zRwSfOUzMXG2eZWdy66WkIw=="
    },
    "@writetome51/get-in-ascending-order": {
      "version": "1.0.4",
      "resolved": "https://registry.npmjs.org/@writetome51/get-in-ascending-order/-/get-in-ascending-order-1.0.4.tgz",
      "integrity": "sha512-6PWfNRsr27Whu5vabyE9Q0bnCaRGGLhuz/JF0/se+ghlNTVl8pIJd4dS9vTp8iUUJQnaqkaf5Z/lsd9Jdr/Tag==",
      "requires": {
        "@writetome51/array-get-copy": "~1.1.0",
        "@writetome51/array-get-merged-arrays": "~1.1.0",
        "@writetome51/get-sum-average-product": "~1.0.3",
        "@writetome51/in-ascending-order": "~1.0.0",
        "basic-data-handling": "~1.0.13"
      }
    },
    "@writetome51/get-sum-average-product": {
      "version": "1.0.4",
      "resolved": "https://registry.npmjs.org/@writetome51/get-sum-average-product/-/get-sum-average-product-1.0.4.tgz",
      "integrity": "sha512-vuxwZ58WqsnFKFwFJ7NQr6ZlT2IVEK7dBF6x/Ej7/3XCqDgUl8+SU/RA4kN8CHgnlHJxy3LxgTmZOqTAAcAQuQ==",
      "requires": {
        "error-if-array-item-is-not-number": "~1.0.3",
        "error-if-not-populated-array": "~1.0.0"
      }
    },
    "@writetome51/in-ascending-order": {
      "version": "1.0.1",
      "resolved": "https://registry.npmjs.org/@writetome51/in-ascending-order/-/in-ascending-order-1.0.1.tgz",
      "integrity": "sha512-C4LY77QCEQpH1LuCrUUNL5cyY10Tv2Q2cIfl7+B5IQ2DypoF4mjTld0VdqNmB0EDHpG0xWHQSEbweY4K/qIzPQ==",
      "requires": {
        "error-if-array-item-is-not-number": "~1.0.3",
        "error-if-not-populated-array": "~1.0.0"
      }
    },
    "@writetome51/not": {
      "version": "1.0.3",
      "resolved": "https://registry.npmjs.org/@writetome51/not/-/not-1.0.3.tgz",
      "integrity": "sha512-MJrh50byG0cBuqhrSRMYxGGmYr5BVb7T6OmFeqL8pFuNUFh/lUIXFXScsYM0jlVYmKDhnYJg+QZTOFvvCdzuRw=="
    },
    "@writetome51/public-array-container": {
      "version": "2.0.1",
      "resolved": "https://registry.npmjs.org/@writetome51/public-array-container/-/public-array-container-2.0.1.tgz",
      "integrity": "sha512-/bUZTiuv21HKWVsKYDOdQEIvQxPTeyaVE64Gk5Hzgh5f11CUZiDb0cdgEdd4zFaGRnkCNsT9eMG+bJG4taVC+g==",
      "requires": {
        "@writetome51/base-class": "~0.0.1",
        "basic-data-handling": "~1.0.13",
        "public-data-container-interface": "~1.0.3"
      }
    },
    "@writetome51/set-array": {
      "version": "1.0.1",
      "resolved": "https://registry.npmjs.org/@writetome51/set-array/-/set-array-1.0.1.tgz",
      "integrity": "sha512-XmIaQtngnwvrrx9LFC4VegLVyyCZdS6KBg5GsaRUwYxXh8Jlzda8+srROpocGQYGgmbln87rjSA0LEt6jLgcxg==",
      "requires": {
        "error-if-values-are-not-arrays": "~1.0.2"
      }
    },
    "array-pluck": {
      "version": "1.0.0",
      "resolved": "https://registry.npmjs.org/array-pluck/-/array-pluck-1.0.0.tgz",
      "integrity": "sha1-/qOKZwvaWse6yGZqivuLkBkbkh4="
    },
    "basic-data-handling": {
      "version": "1.0.13",
      "resolved": "https://registry.npmjs.org/basic-data-handling/-/basic-data-handling-1.0.13.tgz",
      "integrity": "sha512-YRXUq0keESBb4XXzFAStPYJjviRx6CPPSzT/EfpMOLRfBrhnbBeKD2n+kfZyw2zvjreClf16xPF0tDjiLO+ogw=="
    },
    "error-if-array-item-is-not-number": {
      "version": "1.0.3",
      "resolved": "https://registry.npmjs.org/error-if-array-item-is-not-number/-/error-if-array-item-is-not-number-1.0.3.tgz",
      "integrity": "sha512-PCb1kVTA+P7cbos35gzBcAuToZaLMhVG/clZm1E0IeqosJbGYw+oj8vmPEWAwCYg/hGXQIoR1E/SPAJPwrOsKA==",
      "requires": {
        "@writetome51/not": "~1.0.3",
        "basic-data-handling": "~1.0.13"
      }
    },
    "error-if-not-populated-array": {
      "version": "1.0.1",
      "resolved": "https://registry.npmjs.org/error-if-not-populated-array/-/error-if-not-populated-array-1.0.1.tgz",
      "integrity": "sha512-XKN0WUVUNrDOsB1PuBRQJ4/tVOeFceioLm+QPOpCkQaZlD9vVYZf+pRrFIoiqzVno7bx7AI2lNIfMWf7gRarvg==",
      "requires": {
        "basic-data-handling": "~1.0.13"
      }
    },
    "error-if-not-primitive-or-array": {
      "version": "1.0.1",
      "resolved": "https://registry.npmjs.org/error-if-not-primitive-or-array/-/error-if-not-primitive-or-array-1.0.1.tgz",
      "integrity": "sha512-Ygj6CAR2z3x5VvaOrXIO0+wye4nysSW67jCDJ6LAMnyasgKleaDkF+xwg/lSk70i95RIiIa19CEVqx8CBdryOg==",
      "requires": {
        "basic-data-handling": "~1.0.13"
      }
    },
    "error-if-values-are-not-arrays": {
      "version": "1.0.2",
      "resolved": "https://registry.npmjs.org/error-if-values-are-not-arrays/-/error-if-values-are-not-arrays-1.0.2.tgz",
      "integrity": "sha512-HD4BW6LoQpF0aGVIW1UCsY8LLnB+19kGoYs2HaB8CcaBcGw0ed3XnwJTSb/sr8YqLFkhfFO5bsaFB8savUPKsw==",
      "requires": {
        "basic-data-handling": "~1.0.13"
      }
    },
    "public-data-container-interface": {
      "version": "1.0.3",
      "resolved": "https://registry.npmjs.org/public-data-container-interface/-/public-data-container-interface-1.0.3.tgz",
      "integrity": "sha512-/Ol+b7P3E/utnNkr/dwXZaVyYKt0/MnWiUxTCZmmLIjhfeMInR6Ki8sHgW7ESdUbQ3SyHZK5u03K1ifnUcxIIw=="
    },
    "typescript": {
      "version": "3.2.2",
      "resolved": "https://registry.npmjs.org/typescript/-/typescript-3.2.2.tgz",
      "integrity": "sha512-VCj5UiSyHBjwfYacmDuc/NOk4QQixbE+Wn7MFJuS0nRuPQbof132Pw4u53dm264O8LPc2MVsc7RJNml5szurkg==",
      "dev": true
    },
    "value-index-pair-interface": {
      "version": "1.0.1",
      "resolved": "https://registry.npmjs.org/value-index-pair-interface/-/value-index-pair-interface-1.0.1.tgz",
      "integrity": "sha512-Vk3EU8nH9ZXR21pBvEAkVb+h1eRGWRuoVWlJyUMC1r+TVXHWmGmhl7hm6YgJSngR3zXvPCJHnPfqFvS6N80Axw=="
    }
  }
}
