{
  "name": "@writetome51/open-array-item-remover",
  "version": "1.0.0",
  "lockfileVersion": 1,
  "requires": true,
  "dependencies": {
    "@writetome51/adjacent-to-value-info-interface": {
      "version": "1.0.0",
      "resolved": "https://registry.npmjs.org/@writetome51/adjacent-to-value-info-interface/-/adjacent-to-value-info-interface-1.0.0.tgz",
      "integrity": "sha512-9WijreXYnReEwpMbewloX5kOsnx1dOITwoE0G6VBN69AoRxAyLx/2Zsa3AE3rrXp6NpSnZmkhPABDWHwCD2/Cg=="
    },
    "@writetome51/array-analysis-basic": {
      "version": "1.0.1",
      "resolved": "https://registry.npmjs.org/@writetome51/array-analysis-basic/-/array-analysis-basic-1.0.1.tgz",
      "integrity": "sha512-tY/4f/DCIn7tP6XF/Iyph1Ha8T29dan4fsaxQJEPcyXstga4OyYVeNzWnW2bFpmzeMXooXVlk/2YEFBaUWFUsw==",
      "requires": {
        "@writetome51/array-get-indexes-basic": "^1.0.0",
        "basic-data-handling": "^1.0.8"
      }
    },
    "@writetome51/array-and-index-validation": {
      "version": "1.0.0",
      "resolved": "https://registry.npmjs.org/@writetome51/array-and-index-validation/-/array-and-index-validation-1.0.0.tgz",
      "integrity": "sha512-tlRCgXC/UNwtjiiot9QZot8uNG99jvluUSJe0tNxY5LGKEBU8DHZN/yh1OfkVnrrXWjWTmtISv5SM32LtXRWXg==",
      "requires": {
        "basic-data-handling": "^1.0.8"
      }
    },
    "@writetome51/array-get-and-remove-adjacent-to-value": {
      "version": "1.0.0",
      "resolved": "https://registry.npmjs.org/@writetome51/array-get-and-remove-adjacent-to-value/-/array-get-and-remove-adjacent-to-value-1.0.0.tgz",
      "integrity": "sha512-Yvfch80NgqV6d1wb9jFAPs1tx/DNUQUtgoJLL2XVnz+MlsRg2CYZ9L4HRGOiZap4EZv8u/MARHOX9eqUdXNVbQ==",
      "requires": {
        "@writetome51/adjacent-to-value-info-interface": "^1.0.0",
        "@writetome51/array-and-index-validation": "^1.0.0",
        "@writetome51/array-get-and-removers-basic": "^1.0.0",
        "@writetome51/array-get-indexes-basic": "^1.0.0"
      }
    },
    "@writetome51/array-get-and-remove-all-before-or-after": {
      "version": "1.0.0",
      "resolved": "https://registry.npmjs.org/@writetome51/array-get-and-remove-all-before-or-after/-/array-get-and-remove-all-before-or-after-1.0.0.tgz",
      "integrity": "sha512-CKshmEmi+c8lFBCO096xjc468gBy7UjodFgq5EJY65DyykvuFljRNUjPnHBOglkJ3Xa+ovuWhcc01WFkBNhOUA==",
      "requires": {
        "@writetome51/array-and-index-validation": "^1.0.0",
        "@writetome51/array-get-and-removers-basic": "^1.0.0",
        "@writetome51/array-get-indexes-basic": "^1.0.0",
        "@writetome51/array-get-indexes-intermediate": "^1.0.0"
      }
    },
    "@writetome51/array-get-and-remove-all-before-or-after-public": {
      "version": "1.0.0",
      "resolved": "https://registry.npmjs.org/@writetome51/array-get-and-remove-all-before-or-after-public/-/array-get-and-remove-all-before-or-after-public-1.0.0.tgz",
      "integrity": "sha512-Qjc8F7y4TquZ0LISab5snQt1JFDorXg4FBK5L+nfbeNWVWnq5uqLJXt6eAjSkTqjXVAodG7ROhBwzVLJxioyIw==",
      "requires": {
        "@writetome51/array-get-and-remove-all-before-or-after": "^1.0.0"
      }
    },
    "@writetome51/array-get-and-removers-basic": {
      "version": "1.0.0",
      "resolved": "https://registry.npmjs.org/@writetome51/array-get-and-removers-basic/-/array-get-and-removers-basic-1.0.0.tgz",
      "integrity": "sha512-Q8n4QWuG84eRSoYPDoEXSe25qghrhGylx7ML/jTl7HBkX0mfmPAECO9c+7ndOjpLpyKotBox1azjFhuy/TnNoQ==",
      "requires": {
        "@writetome51/array-and-index-validation": "^1.0.0",
        "basic-data-handling": "^1.0.8"
      }
    },
    "@writetome51/array-get-and-removers-filtered-results-duplicates": {
      "version": "1.0.0",
      "resolved": "https://registry.npmjs.org/@writetome51/array-get-and-removers-filtered-results-duplicates/-/array-get-and-removers-filtered-results-duplicates-1.0.0.tgz",
      "integrity": "sha512-twB4DkC/FT+SGrXl6WKABfZlNfx9ptEOBlPG2IzQ4+Gm9QW+f8EnNpXKAPUccD72iSR/QvIJitVw5yM8JfztzA==",
      "requires": {
        "@writetome51/array-get-duplicates-and-unique-items": "^1.0.0",
        "@writetome51/array-non-modifying-getters-basic": "^1.0.1",
        "@writetome51/array-remove-all-of-first-of": "^1.0.0"
      }
    },
    "@writetome51/array-get-duplicates-and-unique-items": {
      "version": "1.0.0",
      "resolved": "https://registry.npmjs.org/@writetome51/array-get-duplicates-and-unique-items/-/array-get-duplicates-and-unique-items-1.0.0.tgz",
      "integrity": "sha512-NGDsAVB9SUe2gAHL8Rv1+3V38zCxAS/VJtt7k4T4yuEzEcTGcze56oQ3/dEUEpdojKR+85YblUQfrIYxpQSPxQ==",
      "requires": {
        "@writetome51/array-analysis-basic": "^1.0.1",
        "@writetome51/array-get-indexes-intermediate": "^1.0.0",
        "basic-data-handling": "^1.0.8"
      }
    },
    "@writetome51/array-get-indexes-basic": {
      "version": "1.0.0",
      "resolved": "https://registry.npmjs.org/@writetome51/array-get-indexes-basic/-/array-get-indexes-basic-1.0.0.tgz",
      "integrity": "sha512-PY6QDVk0KWXnEBn2E9rJVDUSn9awuhPmZFEGOAuLwNjxqF88wstt/uzQiQfaaWUZyV2ut3kbiEkwChA3lDLd6Q==",
      "requires": {
        "@writetome51/array-and-index-validation": "^1.0.0",
        "@writetome51/array-non-modifying-getters-basic": "^1.0.1",
        "@writetome51/arrays-match": "^1.0.0",
        "basic-data-handling": "^1.0.8"
      }
    },
    "@writetome51/array-get-indexes-intermediate": {
      "version": "1.0.0",
      "resolved": "https://registry.npmjs.org/@writetome51/array-get-indexes-intermediate/-/array-get-indexes-intermediate-1.0.0.tgz",
      "integrity": "sha512-k9HKHTWKU+V3/fpaX9WR2OXqk7IlLF6v/DfO85SVf5uxOOCo8jjxOMCplvEKOk6jFG+OMp3568+ptKRRGcUPDQ==",
      "requires": {
        "@writetome51/array-get-indexes-basic": "^1.0.0",
        "@writetome51/array-non-modifying-getters-basic": "^1.0.1",
        "@writetome51/array-removers-basic": "^1.0.0",
        "basic-data-handling": "^1.0.8"
      }
    },
    "@writetome51/array-non-modifying-getters-basic": {
      "version": "1.0.1",
      "resolved": "https://registry.npmjs.org/@writetome51/array-non-modifying-getters-basic/-/array-non-modifying-getters-basic-1.0.1.tgz",
      "integrity": "sha512-2cZlzunLQ/ZB9a8QuaVQNlltGBryXG8zAeKfV1WQw1MxnXTMn7DHEVN8OV127EO35ffK5gQLqMybBzWC/jAaug==",
      "requires": {
        "@writetome51/array-and-index-validation": "^1.0.0",
        "basic-data-handling": "^1.0.8"
      }
    },
    "@writetome51/array-remove-adjacent-to-value": {
      "version": "1.0.0",
      "resolved": "https://registry.npmjs.org/@writetome51/array-remove-adjacent-to-value/-/array-remove-adjacent-to-value-1.0.0.tgz",
      "integrity": "sha512-0dGnUXETeFzz1p87TNvQE7VgwoVrWfuAIS1M1jYPev/1uaDYAdveMWX9d35En0g8fwhC+Uz3a9KlpJsHKr/v1g==",
      "requires": {
        "@writetome51/adjacent-to-value-info-interface": "^1.0.0",
        "@writetome51/array-get-and-remove-adjacent-to-value": "^1.0.0"
      }
    },
    "@writetome51/array-remove-all-after-before": {
      "version": "1.0.0",
      "resolved": "https://registry.npmjs.org/@writetome51/array-remove-all-after-before/-/array-remove-all-after-before-1.0.0.tgz",
      "integrity": "sha512-+8v93dx07zpKFPslnzMYUrwrn+k9Y32mXYTIpLHyt11nZIoWJVM4hqJIPiOX+oeyL0at3PsdACZIsOvWE3bZxw==",
      "requires": {
        "@writetome51/array-get-and-remove-all-before-or-after-public": "^1.0.0"
      }
    },
    "@writetome51/array-remove-all-of-first-of": {
      "version": "1.0.0",
      "resolved": "https://registry.npmjs.org/@writetome51/array-remove-all-of-first-of/-/array-remove-all-of-first-of-1.0.0.tgz",
      "integrity": "sha512-0x771Rfm+UjLid1YQ6DYP/avQOmQryKwxsuIRvHgtBOr+6GjToMUbkdhmMwtWjCcz25QBvedyWR3xlS/Y3Ba0w==",
      "requires": {
        "@writetome51/array-analysis-basic": "^1.0.1",
        "@writetome51/array-get-indexes-basic": "^1.0.0",
        "@writetome51/array-removers-basic": "^1.0.0"
      }
    },
    "@writetome51/array-remove-duplicates": {
      "version": "1.0.0",
      "resolved": "https://registry.npmjs.org/@writetome51/array-remove-duplicates/-/array-remove-duplicates-1.0.0.tgz",
      "integrity": "sha512-BTuqpKpJMTwQKALq7FUh54d1GptQh/3bhXF21+YXaxAlqLJUx2fATnHV4li/YmIIq/TKiAzy/d+OSYpMfLeGSg==",
      "requires": {
        "@writetome51/array-get-and-removers-filtered-results-duplicates": "^1.0.0"
      }
    },
    "@writetome51/array-removers-basic": {
      "version": "1.0.0",
      "resolved": "https://registry.npmjs.org/@writetome51/array-removers-basic/-/array-removers-basic-1.0.0.tgz",
      "integrity": "sha512-YFVkF2hl5N38xs5DscCwJ7EGzqw01PwrqUZVu/54kl8Tp/5HAMJJXns3oljgZIZihMV66S0DZ4THNuQq/mBu8Q==",
      "requires": {
        "@writetome51/array-get-and-removers-basic": "^1.0.0"
      }
    },
    "@writetome51/arrays-match": {
      "version": "1.0.0",
      "resolved": "https://registry.npmjs.org/@writetome51/arrays-match/-/arrays-match-1.0.0.tgz",
      "integrity": "sha512-gKtR9FUQvXMiLWf6gKizV4VyjeNb8MmMkKW/3U3l03gQniXDMlS6XZpzkian+YBX8DycjQVEUkCAfx9E78BDbw==",
      "requires": {
        "basic-data-handling": "^1.0.8"
      }
    },
    "@writetome51/open-array-container": {
      "version": "1.0.0",
      "resolved": "https://registry.npmjs.org/@writetome51/open-array-container/-/open-array-container-1.0.0.tgz",
      "integrity": "sha512-RfRsDNLfr4JViKQToGoS/9L6kFypwWzsP5mErNHQ/QtoDYQXZEk1tT/a13iEBPBtn8jxYwsF2lWdS6XD7f1FWA==",
      "requires": {
        "basic-data-handling": "^1.0.8",
        "batch-getter-setter": "^1.0.0",
        "open-data-container-interface": "^1.0.0"
      }
    },
    "basic-data-handling": {
      "version": "1.0.8",
      "resolved": "https://registry.npmjs.org/basic-data-handling/-/basic-data-handling-1.0.8.tgz",
      "integrity": "sha512-t/1o9O/mThdfCW1Z9Tlh0C4IR6J3H41fE+QZ+RKTvBBISVn1XSUYONNADhHsoN23G+8b7MleEswnCMlFkHioAQ=="
    },
    "batch-getter-setter": {
      "version": "1.0.0",
      "resolved": "https://registry.npmjs.org/batch-getter-setter/-/batch-getter-setter-1.0.0.tgz",
      "integrity": "sha512-o4a6NURLje2lxgngkTknmT4DKv4pAekj+1YqU0UIPNmeAMW2SvyaNqeCVcA0x5pkTYcSu/0bvMGzSc4e3H8H1g==",
      "requires": {
        "method-chainable": "^1.0.0"
      }
    },
    "method-chainable": {
      "version": "1.0.0",
      "resolved": "https://registry.npmjs.org/method-chainable/-/method-chainable-1.0.0.tgz",
      "integrity": "sha512-h1CpqXp1BFqFAlkQL6lydba1Qh/iLj1TjLZzQgCwfzahGF1oTT9ry5YWIbdDyQ3hqMpS5OM8rIEb/Hiz2L9N7Q==",
      "requires": {
        "self-identifiable": "^1.0.1"
      }
    },
    "open-data-container-interface": {
      "version": "1.0.0",
      "resolved": "https://registry.npmjs.org/open-data-container-interface/-/open-data-container-interface-1.0.0.tgz",
      "integrity": "sha512-IYE3nUic2oHS4wUsNtZAEBrJCIGe7CchoPDvpoYcHuZjib7pFaYbLMjVoixusQhtutwmlCreu/FDqGWk9OjW+w=="
    },
    "self-identifiable": {
      "version": "1.0.1",
      "resolved": "https://registry.npmjs.org/self-identifiable/-/self-identifiable-1.0.1.tgz",
      "integrity": "sha512-I3Rvcu0CKKBbRZJ/rS1PGY5vc/DFDW9/ioYNgPueR5bMds/qdpDMHNhlYT9fb7nDms6X6k3F5lJAL9j7M17pbQ=="
    }
  }
}
