{
  "name": "@writetome51/public-array-remover",
  "version": "1.0.0",
  "lockfileVersion": 1,
  "requires": true,
  "dependencies": {
    "@writetome51/adjacent-to-value-info-interface": {
      "version": "1.0.2",
      "resolved": "https://registry.npmjs.org/@writetome51/adjacent-to-value-info-interface/-/adjacent-to-value-info-interface-1.0.2.tgz",
      "integrity": "sha512-rjqcohcCvzKfwLN+jyE1hHu3gfg1vgfChHFkCDctISj1cyBZQScQ8+dkGlF5wkWpIdwAhHh6VOPcfu9cfNEZ2Q=="
    },
    "@writetome51/array-and-index-validation": {
      "version": "1.0.2",
      "resolved": "https://registry.npmjs.org/@writetome51/array-and-index-validation/-/array-and-index-validation-1.0.2.tgz",
      "integrity": "sha512-KHeEgYH93DLtHlEPryaabfIDdTx4mhmy98xsxlA9wvEjmu5yjM4XzjhLRIQlqzOCjEpwKJZT5Zs/hDXWcHA68g==",
      "requires": {
        "basic-data-handling": "^1.0.13"
      },
      "dependencies": {
        "basic-data-handling": {
          "version": "1.0.13",
          "resolved": "https://registry.npmjs.org/basic-data-handling/-/basic-data-handling-1.0.13.tgz",
          "integrity": "sha512-YRXUq0keESBb4XXzFAStPYJjviRx6CPPSzT/EfpMOLRfBrhnbBeKD2n+kfZyw2zvjreClf16xPF0tDjiLO+ogw=="
        }
      }
    },
    "@writetome51/array-get-adjacent-at": {
      "version": "1.0.1",
      "resolved": "https://registry.npmjs.org/@writetome51/array-get-adjacent-at/-/array-get-adjacent-at-1.0.1.tgz",
      "integrity": "sha512-oecneNlT2Zp3tRA6kibQj6ZE7ubJz2n1rvMu7ko0sOL6BgeupW/5B4BCcUTTw7BPbxbbsLvLapc1WxPA1Pmuvg==",
      "requires": {
        "@writetome51/array-and-index-validation": "^1.0.2",
        "basic-data-handling": "^1.0.13"
      },
      "dependencies": {
        "basic-data-handling": {
          "version": "1.0.13",
          "resolved": "https://registry.npmjs.org/basic-data-handling/-/basic-data-handling-1.0.13.tgz",
          "integrity": "sha512-YRXUq0keESBb4XXzFAStPYJjviRx6CPPSzT/EfpMOLRfBrhnbBeKD2n+kfZyw2zvjreClf16xPF0tDjiLO+ogw=="
        }
      }
    },
    "@writetome51/array-get-and-remove-adjacent-at": {
      "version": "1.0.2",
      "resolved": "https://registry.npmjs.org/@writetome51/array-get-and-remove-adjacent-at/-/array-get-and-remove-adjacent-at-1.0.2.tgz",
      "integrity": "sha512-Oat0N5iSHeD1dy9Ugpyd871KsoLwNfAfIDVl/gq16IBnxAOuCAbUHKwEsl7NS7UG2qujri3f5g6j9mkr8Qtk3Q==",
      "requires": {
        "@writetome51/array-and-index-validation": "^1.0.2"
      }
    },
    "@writetome51/array-get-and-remove-adjacent-to-value": {
      "version": "1.0.4",
      "resolved": "https://registry.npmjs.org/@writetome51/array-get-and-remove-adjacent-to-value/-/array-get-and-remove-adjacent-to-value-1.0.4.tgz",
      "integrity": "sha512-OOCLqFWmR/sIJ9i4VSKYXmvmAy8G916s6n8eTLr8uHN3fFYiDYP7VzFKQTX0Xd+dxGe6pQjhLV1NHaE6/0s33w==",
      "requires": {
        "@writetome51/adjacent-to-value-info-interface": "^1.0.2",
        "@writetome51/array-and-index-validation": "^1.0.2",
        "@writetome51/array-get-and-remove-adjacent-at": "^1.0.2",
        "@writetome51/array-get-indexes-basic": "^1.0.6",
        "basic-data-handling": "^1.0.13"
      },
      "dependencies": {
        "@writetome51/adjacent-to-value-info-interface": {
          "version": "1.0.2",
          "resolved": "https://registry.npmjs.org/@writetome51/adjacent-to-value-info-interface/-/adjacent-to-value-info-interface-1.0.2.tgz",
          "integrity": "sha512-rjqcohcCvzKfwLN+jyE1hHu3gfg1vgfChHFkCDctISj1cyBZQScQ8+dkGlF5wkWpIdwAhHh6VOPcfu9cfNEZ2Q=="
        },
        "@writetome51/array-get-and-remove-adjacent-at": {
          "version": "1.0.2",
          "resolved": "https://registry.npmjs.org/@writetome51/array-get-and-remove-adjacent-at/-/array-get-and-remove-adjacent-at-1.0.2.tgz",
          "integrity": "sha512-Oat0N5iSHeD1dy9Ugpyd871KsoLwNfAfIDVl/gq16IBnxAOuCAbUHKwEsl7NS7UG2qujri3f5g6j9mkr8Qtk3Q==",
          "requires": {
            "@writetome51/array-and-index-validation": "^1.0.2"
          }
        },
        "basic-data-handling": {
          "version": "1.0.13",
          "resolved": "https://registry.npmjs.org/basic-data-handling/-/basic-data-handling-1.0.13.tgz",
          "integrity": "sha512-YRXUq0keESBb4XXzFAStPYJjviRx6CPPSzT/EfpMOLRfBrhnbBeKD2n+kfZyw2zvjreClf16xPF0tDjiLO+ogw=="
        }
      }
    },
    "@writetome51/array-get-and-remove-all-after": {
      "version": "1.1.0",
      "resolved": "https://registry.npmjs.org/@writetome51/array-get-and-remove-all-after/-/array-get-and-remove-all-after-1.1.0.tgz",
      "integrity": "sha512-0cfwpUFLLI9Yw9+SfzwEmTtJZsu1z6WMIdRoOmkPZO93SNQ9a8wvcUWppAyUufFPt8zK6GyB5cioP2B/C7IZLw==",
      "requires": {
        "@writetome51/array-get-and-remove-all-before-or-after": "1.0.3"
      }
    },
    "@writetome51/array-get-and-remove-all-before": {
      "version": "1.1.0",
      "resolved": "https://registry.npmjs.org/@writetome51/array-get-and-remove-all-before/-/array-get-and-remove-all-before-1.1.0.tgz",
      "integrity": "sha512-1rtiyPI+OJ5cXAR1XjIj1AeV0stHlHOIpwinVyu6BOwLqLfIgdDAnDRk+qgGu+0IxwO23f4SsG/nO+uzGdOj7Q==",
      "requires": {
        "@writetome51/array-get-and-remove-all-before-or-after": "1.0.3"
      }
    },
    "@writetome51/array-get-and-remove-all-before-or-after": {
      "version": "1.0.3",
      "resolved": "https://registry.npmjs.org/@writetome51/array-get-and-remove-all-before-or-after/-/array-get-and-remove-all-before-or-after-1.0.3.tgz",
      "integrity": "sha512-SPj2wiUALXxPRsMkYcUAhvuh4UprQ70deGdazaUqx59uvUs6JioR2p6u3H9eGihF+0EQw4X6s8BA0/m1Cbnl8g==",
      "requires": {
        "@writetome51/array-and-index-validation": "^1.0.2",
        "@writetome51/array-get-and-remove-head-tail": "^1.0.2",
        "@writetome51/array-get-indexes-basic": "^1.0.6",
        "@writetome51/array-get-indexes-intermediate": "^1.0.4"
      }
    },
    "@writetome51/array-get-and-remove-between": {
      "version": "1.0.2",
      "resolved": "https://registry.npmjs.org/@writetome51/array-get-and-remove-between/-/array-get-and-remove-between-1.0.2.tgz",
      "integrity": "sha512-YxerTSkQsCVbSvNISmaYHY+W/9fsafTSQq7aHbPSq3W3ULdnnl+jLoXF1IMxKARxmOiPRAo9bfGGIZ+Eo5a0BA==",
      "requires": {
        "@writetome51/array-get-and-remove-adjacent-at": "^1.0.2",
        "basic-data-handling": "^1.0.13"
      },
      "dependencies": {
        "@writetome51/array-get-and-remove-adjacent-at": {
          "version": "1.0.2",
          "resolved": "https://registry.npmjs.org/@writetome51/array-get-and-remove-adjacent-at/-/array-get-and-remove-adjacent-at-1.0.2.tgz",
          "integrity": "sha512-Oat0N5iSHeD1dy9Ugpyd871KsoLwNfAfIDVl/gq16IBnxAOuCAbUHKwEsl7NS7UG2qujri3f5g6j9mkr8Qtk3Q==",
          "requires": {
            "@writetome51/array-and-index-validation": "^1.0.2"
          }
        },
        "basic-data-handling": {
          "version": "1.0.13",
          "resolved": "https://registry.npmjs.org/basic-data-handling/-/basic-data-handling-1.0.13.tgz",
          "integrity": "sha512-YRXUq0keESBb4XXzFAStPYJjviRx6CPPSzT/EfpMOLRfBrhnbBeKD2n+kfZyw2zvjreClf16xPF0tDjiLO+ogw=="
        }
      }
    },
    "@writetome51/array-get-and-remove-by-index": {
      "version": "1.0.1",
      "resolved": "https://registry.npmjs.org/@writetome51/array-get-and-remove-by-index/-/array-get-and-remove-by-index-1.0.1.tgz",
      "integrity": "sha512-MO1ppeUxP2yRvLImwIhVMnKqmJNFyeRogtzLrqYJOO/wX5t1WXKZN9w2E/sqrVYT352VLkJKwhBjLPjwVDnjlA==",
      "requires": {
        "@writetome51/array-get-and-remove-adjacent-at": "^1.0.2"
      },
      "dependencies": {
        "@writetome51/array-get-and-remove-adjacent-at": {
          "version": "1.0.2",
          "resolved": "https://registry.npmjs.org/@writetome51/array-get-and-remove-adjacent-at/-/array-get-and-remove-adjacent-at-1.0.2.tgz",
          "integrity": "sha512-Oat0N5iSHeD1dy9Ugpyd871KsoLwNfAfIDVl/gq16IBnxAOuCAbUHKwEsl7NS7UG2qujri3f5g6j9mkr8Qtk3Q==",
          "requires": {
            "@writetome51/array-and-index-validation": "^1.0.2"
          }
        }
      }
    },
    "@writetome51/array-get-and-remove-by-indexes": {
      "version": "1.0.1",
      "resolved": "https://registry.npmjs.org/@writetome51/array-get-and-remove-by-indexes/-/array-get-and-remove-by-indexes-1.0.1.tgz",
      "integrity": "sha512-Sccta8dyLFBoU78p045wJnkMI/X7UzDaRGLMxtFixa9Y/QTZaW0WOmJSa7fpVx9hiZ8nOBLE0xYfRMYPGW9rmw==",
      "requires": {
        "@writetome51/array-and-index-validation": "^1.0.2",
        "@writetome51/array-get-and-remove-by-index": "^1.0.1",
        "@writetome51/array-get-copy": "^1.1.0",
        "@writetome51/array-remove-by-index": "^1.0.0",
        "@writetome51/array-remove-duplicates": "^1.1.1",
        "@writetome51/get-in-ascending-order": "^1.0.4",
        "@writetome51/set-array": "^1.0.0",
        "basic-data-handling": "^1.0.13"
      },
      "dependencies": {
        "@writetome51/array-remove-by-index": {
          "version": "1.0.0",
          "resolved": "https://registry.npmjs.org/@writetome51/array-remove-by-index/-/array-remove-by-index-1.0.0.tgz",
          "integrity": "sha512-TsaToxIJGVLVEmjC7F1ibQN9PQ/t7Kn24VGHC2QSOZ25hDguOv2h5RR7xsxx9V4zzES8JEbx+0EG4MLA+LLxBQ==",
          "requires": {
            "@writetome51/array-get-and-remove-by-index": "^1.0.1"
          }
        },
        "@writetome51/array-remove-duplicates": {
          "version": "1.1.1",
          "resolved": "https://registry.npmjs.org/@writetome51/array-remove-duplicates/-/array-remove-duplicates-1.1.1.tgz",
          "integrity": "sha512-8v07TnN9KOUT7JfDNp34mXoA0KHKphjLEDcEUGFVL0S8X1oraESNqzlMND/kseFW7u4iRYSWj9XrJIUu9aLgHQ==",
          "requires": {
            "@writetome51/array-get-and-remove-duplicates": "~1.0.3"
          }
        },
        "basic-data-handling": {
          "version": "1.0.13",
          "resolved": "https://registry.npmjs.org/basic-data-handling/-/basic-data-handling-1.0.13.tgz",
          "integrity": "sha512-YRXUq0keESBb4XXzFAStPYJjviRx6CPPSzT/EfpMOLRfBrhnbBeKD2n+kfZyw2zvjreClf16xPF0tDjiLO+ogw=="
        }
      }
    },
    "@writetome51/array-get-and-remove-duplicates": {
      "version": "1.0.4",
      "resolved": "https://registry.npmjs.org/@writetome51/array-get-and-remove-duplicates/-/array-get-and-remove-duplicates-1.0.4.tgz",
      "integrity": "sha512-E3xfqFx5rHiKEMNS7eTLKmo8zN0EiOOhF2msng3NqiPP9W0O+I37YCMioh1e/byNrFHSFy4Bqtka+NISKLdBaA==",
      "requires": {
        "@writetome51/array-get-duplicates": "~1.1.0",
        "@writetome51/array-remove-all-of-first-of": "~1.0.4",
        "basic-data-handling": "~1.0.13",
        "error-if-not-populated-array": "~1.0.0"
      }
    },
    "@writetome51/array-get-and-remove-filtered-results": {
      "version": "2.0.4",
      "resolved": "https://registry.npmjs.org/@writetome51/array-get-and-remove-filtered-results/-/array-get-and-remove-filtered-results-2.0.4.tgz",
      "integrity": "sha512-DcwYR7yolFEZo5EGiVlUthroIpHRRQoESznQzudqWIUhEzt8tsj3OPsA5sJUK1zWIpMoLrggBNqWGgD9vkUk/A==",
      "requires": {
        "@writetome51/array-get-filtered-results": "^2.0.1",
        "@writetome51/array-remove-by-indexes": "^1.0.0",
        "array-pluck": "^1.0.0",
        "basic-data-handling": "^1.0.13",
        "value-index-pair-interface": "^1.0.1"
      },
      "dependencies": {
        "@writetome51/array-remove-by-indexes": {
          "version": "1.0.0",
          "resolved": "https://registry.npmjs.org/@writetome51/array-remove-by-indexes/-/array-remove-by-indexes-1.0.0.tgz",
          "integrity": "sha512-p9kDOQMQ/v5qGPJrXCjtjYL5jCsD3R0BZvmRe63gLVsZchfcx+qR4eBhdsdgL2N4RcV11whal4RlX0iK7KrLYQ==",
          "requires": {
            "@writetome51/array-get-and-remove-by-indexes": "^1.0.1"
          }
        },
        "basic-data-handling": {
          "version": "1.0.13",
          "resolved": "https://registry.npmjs.org/basic-data-handling/-/basic-data-handling-1.0.13.tgz",
          "integrity": "sha512-YRXUq0keESBb4XXzFAStPYJjviRx6CPPSzT/EfpMOLRfBrhnbBeKD2n+kfZyw2zvjreClf16xPF0tDjiLO+ogw=="
        }
      }
    },
    "@writetome51/array-get-and-remove-head-tail": {
      "version": "1.0.2",
      "resolved": "https://registry.npmjs.org/@writetome51/array-get-and-remove-head-tail/-/array-get-and-remove-head-tail-1.0.2.tgz",
      "integrity": "sha512-4dn3wxfsbOzweofmsSQEHYlQIWRXc982jKwsn00iq92R7syzu/mXbZp//CP82t2hpraWFQrBzsBW2S9zl6R+qw==",
      "requires": {
        "@writetome51/array-and-index-validation": "^1.0.2",
        "@writetome51/array-get-and-remove-adjacent-at": "^1.0.2",
        "basic-data-handling": "^1.0.13"
      },
      "dependencies": {
        "@writetome51/array-get-and-remove-adjacent-at": {
          "version": "1.0.2",
          "resolved": "https://registry.npmjs.org/@writetome51/array-get-and-remove-adjacent-at/-/array-get-and-remove-adjacent-at-1.0.2.tgz",
          "integrity": "sha512-Oat0N5iSHeD1dy9Ugpyd871KsoLwNfAfIDVl/gq16IBnxAOuCAbUHKwEsl7NS7UG2qujri3f5g6j9mkr8Qtk3Q==",
          "requires": {
            "@writetome51/array-and-index-validation": "^1.0.2"
          }
        },
        "basic-data-handling": {
          "version": "1.0.13",
          "resolved": "https://registry.npmjs.org/basic-data-handling/-/basic-data-handling-1.0.13.tgz",
          "integrity": "sha512-YRXUq0keESBb4XXzFAStPYJjviRx6CPPSzT/EfpMOLRfBrhnbBeKD2n+kfZyw2zvjreClf16xPF0tDjiLO+ogw=="
        }
      }
    },
    "@writetome51/array-get-copy": {
      "version": "1.1.0",
      "resolved": "https://registry.npmjs.org/@writetome51/array-get-copy/-/array-get-copy-1.1.0.tgz",
      "integrity": "sha512-GMxn8eIQ0bu0Iq1g7yMEZetTCaNfBiLgJWs2qdzh/I9DtV+pxnvOJNMdvVIIhDPG9tAxaH+LQOS6q9wzVxV0nw==",
      "requires": {
        "@writetome51/array-get-merged-arrays": "^1.1.0",
        "basic-data-handling": "^1.0.13"
      },
      "dependencies": {
        "basic-data-handling": {
          "version": "1.0.13",
          "resolved": "https://registry.npmjs.org/basic-data-handling/-/basic-data-handling-1.0.13.tgz",
          "integrity": "sha512-YRXUq0keESBb4XXzFAStPYJjviRx6CPPSzT/EfpMOLRfBrhnbBeKD2n+kfZyw2zvjreClf16xPF0tDjiLO+ogw=="
        }
      }
    },
    "@writetome51/array-get-duplicates": {
      "version": "1.1.0",
      "resolved": "https://registry.npmjs.org/@writetome51/array-get-duplicates/-/array-get-duplicates-1.1.0.tgz",
      "integrity": "sha512-a06YMbBi1g/8Bc5h3muTq9nlZCb3aWC2NgUprKuMHxV/3ZxqOC0EotBjOue5sa63z2e8pMQDzY2KcU28Gqes2A==",
      "requires": {
        "@writetome51/array-get-indexes-intermediate": "^1.0.4",
        "@writetome51/array-get-unique-items": "^1.1.0",
        "basic-data-handling": "^1.0.13"
      },
      "dependencies": {
        "basic-data-handling": {
          "version": "1.0.13",
          "resolved": "https://registry.npmjs.org/basic-data-handling/-/basic-data-handling-1.0.13.tgz",
          "integrity": "sha512-YRXUq0keESBb4XXzFAStPYJjviRx6CPPSzT/EfpMOLRfBrhnbBeKD2n+kfZyw2zvjreClf16xPF0tDjiLO+ogw=="
        }
      }
    },
    "@writetome51/array-get-filtered-results": {
      "version": "2.0.1",
      "resolved": "https://registry.npmjs.org/@writetome51/array-get-filtered-results/-/array-get-filtered-results-2.0.1.tgz",
      "integrity": "sha512-1ZruUHrfoQPDgtzXRcQUzoN1wsj0dOG4Ub9BP7fAAlUAM3GjEy5LRHCFkdNaCKZDAFytuWooD/+MCkhLWLAiqQ==",
      "requires": {
        "basic-data-handling": "^1.0.13",
        "value-index-pair-interface": "^1.0.1"
      },
      "dependencies": {
        "basic-data-handling": {
          "version": "1.0.13",
          "resolved": "https://registry.npmjs.org/basic-data-handling/-/basic-data-handling-1.0.13.tgz",
          "integrity": "sha512-YRXUq0keESBb4XXzFAStPYJjviRx6CPPSzT/EfpMOLRfBrhnbBeKD2n+kfZyw2zvjreClf16xPF0tDjiLO+ogw=="
        }
      }
    },
    "@writetome51/array-get-indexes-basic": {
      "version": "1.0.6",
      "resolved": "https://registry.npmjs.org/@writetome51/array-get-indexes-basic/-/array-get-indexes-basic-1.0.6.tgz",
      "integrity": "sha512-iTrdbp2PR+ZYrIPAo6cpZZ3JwD37erhD0z5OZzEh1DaqhfBullBGzTAgo46RTMz4f/GyJ8EVlEzg7D8MO2QR2Q==",
      "requires": {
        "@writetome51/arrays-match": "^1.0.3",
        "basic-data-handling": "^1.0.13",
        "error-if-not-populated-array": "^1.0.0",
        "error-if-not-primitive-or-array": "^1.0.1",
        "error-if-values-are-not-arrays": "^1.0.2"
      },
      "dependencies": {
        "basic-data-handling": {
          "version": "1.0.13",
          "resolved": "https://registry.npmjs.org/basic-data-handling/-/basic-data-handling-1.0.13.tgz",
          "integrity": "sha512-YRXUq0keESBb4XXzFAStPYJjviRx6CPPSzT/EfpMOLRfBrhnbBeKD2n+kfZyw2zvjreClf16xPF0tDjiLO+ogw=="
        }
      }
    },
    "@writetome51/array-get-indexes-intermediate": {
      "version": "1.0.4",
      "resolved": "https://registry.npmjs.org/@writetome51/array-get-indexes-intermediate/-/array-get-indexes-intermediate-1.0.4.tgz",
      "integrity": "sha512-SosT35sRUfn8QnmToHym5ZJ3XVToFEmCFcjsrFB1mhHMeXDdlCsafpjjjd/98G6kOoz45IGFBRSjXGKVJqaGVQ==",
      "requires": {
        "@writetome51/array-get-indexes-basic": "^1.0.6",
        "@writetome51/arrays-match": "^1.0.3",
        "basic-data-handling": "^1.0.13",
        "error-if-not-primitive-or-array": "^1.0.1"
      },
      "dependencies": {
        "basic-data-handling": {
          "version": "1.0.13",
          "resolved": "https://registry.npmjs.org/basic-data-handling/-/basic-data-handling-1.0.13.tgz",
          "integrity": "sha512-YRXUq0keESBb4XXzFAStPYJjviRx6CPPSzT/EfpMOLRfBrhnbBeKD2n+kfZyw2zvjreClf16xPF0tDjiLO+ogw=="
        }
      }
    },
    "@writetome51/array-get-merged-arrays": {
      "version": "1.1.0",
      "resolved": "https://registry.npmjs.org/@writetome51/array-get-merged-arrays/-/array-get-merged-arrays-1.1.0.tgz",
      "integrity": "sha512-NVYQzUxd7//R5ePAkxIgzQakmPH73zHo8uNZH7xxUI615t2HUm2a3RIvVhhZzKPHeBHlOcgPl6F5LunJpMVg+A==",
      "requires": {
        "basic-data-handling": "^1.0.13"
      },
      "dependencies": {
        "basic-data-handling": {
          "version": "1.0.13",
          "resolved": "https://registry.npmjs.org/basic-data-handling/-/basic-data-handling-1.0.13.tgz",
          "integrity": "sha512-YRXUq0keESBb4XXzFAStPYJjviRx6CPPSzT/EfpMOLRfBrhnbBeKD2n+kfZyw2zvjreClf16xPF0tDjiLO+ogw=="
        }
      }
    },
    "@writetome51/array-get-unique-items": {
      "version": "1.1.0",
      "resolved": "https://registry.npmjs.org/@writetome51/array-get-unique-items/-/array-get-unique-items-1.1.0.tgz",
      "integrity": "sha512-NLemMr7wJ6gHpGzNtFsGiQUL3Q49hfpxWqjVwLbuIXZ8LWQca1p2XtqTMoTFif6LyVZ46YTcihwZqFcNXJzvWQ==",
      "requires": {
        "@writetome51/array-has": "^1.0.5",
        "@writetome51/not": "^1.0.3",
        "basic-data-handling": "^1.0.13"
      },
      "dependencies": {
        "@writetome51/array-has": {
          "version": "1.0.5",
          "resolved": "https://registry.npmjs.org/@writetome51/array-has/-/array-has-1.0.5.tgz",
          "integrity": "sha512-kBFnbW0Rl9rUN4NBPChUVQ+4aGcySBqYktiGyGOLzq7OriZ2Vms67/xN//bkV7b54/JMM0trII+a65mK2vlG1w==",
          "requires": {
            "@writetome51/array-get-adjacent-at": "^1.0.1",
            "@writetome51/array-get-indexes-basic": "^1.0.6",
            "@writetome51/array-get-indexes-intermediate": "^1.0.4",
            "@writetome51/arrays-match": "^1.0.3",
            "basic-data-handling": "^1.0.13"
          }
        },
        "basic-data-handling": {
          "version": "1.0.13",
          "resolved": "https://registry.npmjs.org/basic-data-handling/-/basic-data-handling-1.0.13.tgz",
          "integrity": "sha512-YRXUq0keESBb4XXzFAStPYJjviRx6CPPSzT/EfpMOLRfBrhnbBeKD2n+kfZyw2zvjreClf16xPF0tDjiLO+ogw=="
        }
      }
    },
    "@writetome51/array-has": {
      "version": "1.0.5",
      "resolved": "https://registry.npmjs.org/@writetome51/array-has/-/array-has-1.0.5.tgz",
      "integrity": "sha512-kBFnbW0Rl9rUN4NBPChUVQ+4aGcySBqYktiGyGOLzq7OriZ2Vms67/xN//bkV7b54/JMM0trII+a65mK2vlG1w==",
      "requires": {
        "@writetome51/array-get-adjacent-at": "^1.0.1",
        "@writetome51/array-get-indexes-basic": "^1.0.6",
        "@writetome51/array-get-indexes-intermediate": "^1.0.4",
        "@writetome51/arrays-match": "^1.0.3",
        "basic-data-handling": "^1.0.13"
      },
      "dependencies": {
        "basic-data-handling": {
          "version": "1.0.13",
          "resolved": "https://registry.npmjs.org/basic-data-handling/-/basic-data-handling-1.0.13.tgz",
          "integrity": "sha512-YRXUq0keESBb4XXzFAStPYJjviRx6CPPSzT/EfpMOLRfBrhnbBeKD2n+kfZyw2zvjreClf16xPF0tDjiLO+ogw=="
        }
      }
    },
    "@writetome51/array-remove-adjacent-at": {
      "version": "1.0.3",
      "resolved": "https://registry.npmjs.org/@writetome51/array-remove-adjacent-at/-/array-remove-adjacent-at-1.0.3.tgz",
      "integrity": "sha512-Eszxv/cFOHw6uZ6w+v0+GH1F5aZBeaJNwrQyt8EhHeOysE9UazzzN0E1cj6F3Ipyegv1yFe3hWU0Gjh2VfFPmQ==",
      "requires": {
        "@writetome51/array-get-and-remove-adjacent-at": "~1.0.2"
      }
    },
    "@writetome51/array-remove-adjacent-to-value": {
      "version": "1.0.2",
      "resolved": "https://registry.npmjs.org/@writetome51/array-remove-adjacent-to-value/-/array-remove-adjacent-to-value-1.0.2.tgz",
      "integrity": "sha512-s7lBSCbNttk1EEBo3GZ4HKD3R3Ynkhmge5VAQfb+gP2664Pjh5BxdeBKGwc4/MHwS4Fe4Bztr8HnHGLSgCpcrA==",
      "requires": {
        "@writetome51/adjacent-to-value-info-interface": "~1.0.2",
        "@writetome51/array-get-and-remove-adjacent-to-value": "~1.0.4"
      }
    },
    "@writetome51/array-remove-all-after-before": {
      "version": "1.0.4",
      "resolved": "https://registry.npmjs.org/@writetome51/array-remove-all-after-before/-/array-remove-all-after-before-1.0.4.tgz",
      "integrity": "sha512-fji0Zsn5MGvFzmOzouIO1F1XReEz1kSxphs7ak7C+2X6ewmtqv7u4IEfcCXYk4bW1OISM904NiPtB1JJ7v/T1g==",
      "requires": {
        "@writetome51/array-get-and-remove-all-after": "~1.1.0",
        "@writetome51/array-get-and-remove-all-before": "~1.1.0"
      }
    },
    "@writetome51/array-remove-all-of-first-of": {
      "version": "1.0.5",
      "resolved": "https://registry.npmjs.org/@writetome51/array-remove-all-of-first-of/-/array-remove-all-of-first-of-1.0.5.tgz",
      "integrity": "sha512-QKCoVy64kHhtC05HtU1LWDz9mp3XJRAcFZrVclJXeD+JpwC81guBM5TYzF2luwdqm9Xjl9ZkV/P9awGTsRiDgQ==",
      "requires": {
        "@writetome51/array-get-indexes-basic": "~1.0.6",
        "@writetome51/array-has": "~1.0.5",
        "@writetome51/array-remove-by-index": "~1.0.0",
        "error-if-not-populated-array": "~1.0.0"
      }
    },
    "@writetome51/array-remove-between": {
      "version": "1.0.1",
      "resolved": "https://registry.npmjs.org/@writetome51/array-remove-between/-/array-remove-between-1.0.1.tgz",
      "integrity": "sha512-xUZzXAUNFPw/wanvMY+2MNKLwd9RiaSxdMjq0BE93w0vuzF6tZFiSFoex8QUr10/LcU2tVsgLvy88MNOaLuFaQ==",
      "requires": {
        "@writetome51/array-get-and-remove-between": "^1.0.2"
      }
    },
    "@writetome51/array-remove-by-index": {
      "version": "1.0.0",
      "resolved": "https://registry.npmjs.org/@writetome51/array-remove-by-index/-/array-remove-by-index-1.0.0.tgz",
      "integrity": "sha512-TsaToxIJGVLVEmjC7F1ibQN9PQ/t7Kn24VGHC2QSOZ25hDguOv2h5RR7xsxx9V4zzES8JEbx+0EG4MLA+LLxBQ==",
      "requires": {
        "@writetome51/array-get-and-remove-by-index": "^1.0.1"
      }
    },
    "@writetome51/array-remove-by-indexes": {
      "version": "1.0.0",
      "resolved": "https://registry.npmjs.org/@writetome51/array-remove-by-indexes/-/array-remove-by-indexes-1.0.0.tgz",
      "integrity": "sha512-p9kDOQMQ/v5qGPJrXCjtjYL5jCsD3R0BZvmRe63gLVsZchfcx+qR4eBhdsdgL2N4RcV11whal4RlX0iK7KrLYQ==",
      "requires": {
        "@writetome51/array-get-and-remove-by-indexes": "^1.0.1"
      }
    },
    "@writetome51/array-remove-duplicates": {
      "version": "1.1.1",
      "resolved": "https://registry.npmjs.org/@writetome51/array-remove-duplicates/-/array-remove-duplicates-1.1.1.tgz",
      "integrity": "sha512-8v07TnN9KOUT7JfDNp34mXoA0KHKphjLEDcEUGFVL0S8X1oraESNqzlMND/kseFW7u4iRYSWj9XrJIUu9aLgHQ==",
      "requires": {
        "@writetome51/array-get-and-remove-duplicates": "~1.0.3"
      }
    },
    "@writetome51/array-remove-filtered-results": {
      "version": "1.0.3",
      "resolved": "https://registry.npmjs.org/@writetome51/array-remove-filtered-results/-/array-remove-filtered-results-1.0.3.tgz",
      "integrity": "sha512-uYlQ9BPK0DDZgIsIFZVN1O0skHEfnYT1KL8tN2/Ucr7Qjiiy6/WgBFuzhT5PzA5wDsuSOmfIDxfbD86VVK+7Ew==",
      "requires": {
        "@writetome51/array-get-and-remove-filtered-results": "~2.0.4"
      }
    },
    "@writetome51/array-remove-head-tail": {
      "version": "1.0.3",
      "resolved": "https://registry.npmjs.org/@writetome51/array-remove-head-tail/-/array-remove-head-tail-1.0.3.tgz",
      "integrity": "sha512-q4nqVuo0yFakoBQE5f056xFlhm5J+wQzmmlxTR66ckHBgGWM8F9yNFqpx8Wc7StSgYGOz6P6hPi4PriM2P1VLw==",
      "requires": {
        "@writetome51/array-get-and-remove-head-tail": "~1.0.2",
        "@writetome51/arrays-match": "~1.0.2"
      }
    },
    "@writetome51/arrays-match": {
      "version": "1.0.3",
      "resolved": "https://registry.npmjs.org/@writetome51/arrays-match/-/arrays-match-1.0.3.tgz",
      "integrity": "sha512-5KCbcOQE1+mHew1JGMOu5m9whlCA5uyLQT58qZrQHvBZP8SUutBKWGUdYjMrOKRw41I024x1+knE/8uPmUtWow==",
      "requires": {
        "basic-data-handling": "~1.0.13",
        "error-if-values-are-not-arrays": "~1.0.2"
      }
    },
    "@writetome51/get-in-ascending-order": {
      "version": "1.0.4",
      "resolved": "https://registry.npmjs.org/@writetome51/get-in-ascending-order/-/get-in-ascending-order-1.0.4.tgz",
      "integrity": "sha512-6PWfNRsr27Whu5vabyE9Q0bnCaRGGLhuz/JF0/se+ghlNTVl8pIJd4dS9vTp8iUUJQnaqkaf5Z/lsd9Jdr/Tag==",
      "requires": {
        "@writetome51/array-get-copy": "~1.1.0",
        "@writetome51/array-get-merged-arrays": "~1.1.0",
        "@writetome51/get-sum-average-product": "~1.0.3",
        "@writetome51/in-ascending-order": "~1.0.0",
        "basic-data-handling": "~1.0.13"
      }
    },
    "@writetome51/get-sum-average-product": {
      "version": "1.0.3",
      "resolved": "https://registry.npmjs.org/@writetome51/get-sum-average-product/-/get-sum-average-product-1.0.3.tgz",
      "integrity": "sha512-XgplaYF3/lcIaqpzuqY7wB3wLRqzOMA3OTEiJNH9GmVG9+02Md6kpEOHrBfxWKvRSKdlFv6B3gIubwyqqUcTNQ==",
      "requires": {
        "error-if-array-item-is-not-number": "^1.0.2",
        "error-if-not-populated-array": "^1.0.0"
      }
    },
    "@writetome51/in-ascending-order": {
      "version": "1.0.0",
      "resolved": "https://registry.npmjs.org/@writetome51/in-ascending-order/-/in-ascending-order-1.0.0.tgz",
      "integrity": "sha512-RLjLbQb0JGDwqKAxkpQT6lC+Op4zqk18jo9vcd/VL3/jNsv6GTY0LfEFitEjMaAIFjnof9wCcSswRjHNZ+5SzQ==",
      "requires": {
        "error-if-array-item-is-not-number": "^1.0.2",
        "error-if-not-populated-array": "^1.0.0"
      }
    },
    "@writetome51/not": {
      "version": "1.0.3",
      "resolved": "https://registry.npmjs.org/@writetome51/not/-/not-1.0.3.tgz",
      "integrity": "sha512-MJrh50byG0cBuqhrSRMYxGGmYr5BVb7T6OmFeqL8pFuNUFh/lUIXFXScsYM0jlVYmKDhnYJg+QZTOFvvCdzuRw=="
    },
    "@writetome51/public-array-container": {
      "version": "1.0.4",
      "resolved": "https://registry.npmjs.org/@writetome51/public-array-container/-/public-array-container-1.0.4.tgz",
      "integrity": "sha512-3jOz7kIFTUc6mWssKvsQJ6uQmurL7JjvAruDwKQjU7TfpqzI6MyjJ3ahnDTMHmJhKtS8sLQip+5XYMS7XWGrHQ==",
      "requires": {
        "basic-data-handling": "~1.0.13",
        "batch-getter-setter": "~1.0.0",
        "public-data-container-interface": "~1.0.3"
      }
    },
    "@writetome51/set-array": {
      "version": "1.0.0",
      "resolved": "https://registry.npmjs.org/@writetome51/set-array/-/set-array-1.0.0.tgz",
      "integrity": "sha512-WsLVaUFLkVX3weGM8tf5kXQFgbbee1a2V+eb9Zv+Ib6D86jtUlwDWhInhPCoW6fvVBI4hfNOBoO6+k3Lq8pVVg==",
      "requires": {
        "error-if-values-are-not-arrays": "^1.0.2"
      }
    },
    "array-pluck": {
      "version": "1.0.0",
      "resolved": "https://registry.npmjs.org/array-pluck/-/array-pluck-1.0.0.tgz",
      "integrity": "sha1-/qOKZwvaWse6yGZqivuLkBkbkh4="
    },
    "basic-data-handling": {
      "version": "1.0.13",
      "resolved": "https://registry.npmjs.org/basic-data-handling/-/basic-data-handling-1.0.13.tgz",
      "integrity": "sha512-YRXUq0keESBb4XXzFAStPYJjviRx6CPPSzT/EfpMOLRfBrhnbBeKD2n+kfZyw2zvjreClf16xPF0tDjiLO+ogw=="
    },
    "batch-getter-setter": {
      "version": "1.0.0",
      "resolved": "https://registry.npmjs.org/batch-getter-setter/-/batch-getter-setter-1.0.0.tgz",
      "integrity": "sha512-o4a6NURLje2lxgngkTknmT4DKv4pAekj+1YqU0UIPNmeAMW2SvyaNqeCVcA0x5pkTYcSu/0bvMGzSc4e3H8H1g==",
      "requires": {
        "method-chainable": "^1.0.0"
      }
    },
    "error-if-array-item-is-not-number": {
      "version": "1.0.2",
      "resolved": "https://registry.npmjs.org/error-if-array-item-is-not-number/-/error-if-array-item-is-not-number-1.0.2.tgz",
      "integrity": "sha512-P1cSjse3PoWhD5rZnK56fC1nuBFhWzl620OFHbnH9oNQUBEuvQ1dyAM3tNJaaWBpCScZdBH9/jnB6IG0uI+T8g==",
      "requires": {
        "@writetome51/not": "^1.0.3",
        "basic-data-handling": "^1.0.13"
      },
      "dependencies": {
        "basic-data-handling": {
          "version": "1.0.13",
          "resolved": "https://registry.npmjs.org/basic-data-handling/-/basic-data-handling-1.0.13.tgz",
          "integrity": "sha512-YRXUq0keESBb4XXzFAStPYJjviRx6CPPSzT/EfpMOLRfBrhnbBeKD2n+kfZyw2zvjreClf16xPF0tDjiLO+ogw=="
        }
      }
    },
    "error-if-not-populated-array": {
      "version": "1.0.0",
      "resolved": "https://registry.npmjs.org/error-if-not-populated-array/-/error-if-not-populated-array-1.0.0.tgz",
      "integrity": "sha512-MFSzXiKW7NfuDW4L1Cw6BO5Fb65I0poOefRNTEoa40UdpzljNHQnfchVr2bNjqboxRrEHcYBIz85mxCC+wSrFg==",
      "requires": {
        "basic-data-handling": "^1.0.13"
      },
      "dependencies": {
        "basic-data-handling": {
          "version": "1.0.13",
          "resolved": "https://registry.npmjs.org/basic-data-handling/-/basic-data-handling-1.0.13.tgz",
          "integrity": "sha512-YRXUq0keESBb4XXzFAStPYJjviRx6CPPSzT/EfpMOLRfBrhnbBeKD2n+kfZyw2zvjreClf16xPF0tDjiLO+ogw=="
        }
      }
    },
    "error-if-not-primitive-or-array": {
      "version": "1.0.1",
      "resolved": "https://registry.npmjs.org/error-if-not-primitive-or-array/-/error-if-not-primitive-or-array-1.0.1.tgz",
      "integrity": "sha512-Ygj6CAR2z3x5VvaOrXIO0+wye4nysSW67jCDJ6LAMnyasgKleaDkF+xwg/lSk70i95RIiIa19CEVqx8CBdryOg==",
      "requires": {
        "basic-data-handling": "~1.0.13"
      }
    },
    "error-if-values-are-not-arrays": {
      "version": "1.0.2",
      "resolved": "https://registry.npmjs.org/error-if-values-are-not-arrays/-/error-if-values-are-not-arrays-1.0.2.tgz",
      "integrity": "sha512-HD4BW6LoQpF0aGVIW1UCsY8LLnB+19kGoYs2HaB8CcaBcGw0ed3XnwJTSb/sr8YqLFkhfFO5bsaFB8savUPKsw==",
      "requires": {
        "basic-data-handling": "~1.0.13"
      }
    },
    "method-chainable": {
      "version": "1.0.0",
      "resolved": "https://registry.npmjs.org/method-chainable/-/method-chainable-1.0.0.tgz",
      "integrity": "sha512-h1CpqXp1BFqFAlkQL6lydba1Qh/iLj1TjLZzQgCwfzahGF1oTT9ry5YWIbdDyQ3hqMpS5OM8rIEb/Hiz2L9N7Q==",
      "requires": {
        "self-identifiable": "^1.0.1"
      }
    },
    "public-data-container-interface": {
      "version": "1.0.3",
      "resolved": "https://registry.npmjs.org/public-data-container-interface/-/public-data-container-interface-1.0.3.tgz",
      "integrity": "sha512-/Ol+b7P3E/utnNkr/dwXZaVyYKt0/MnWiUxTCZmmLIjhfeMInR6Ki8sHgW7ESdUbQ3SyHZK5u03K1ifnUcxIIw=="
    },
    "self-identifiable": {
      "version": "1.0.1",
      "resolved": "https://registry.npmjs.org/self-identifiable/-/self-identifiable-1.0.1.tgz",
      "integrity": "sha512-I3Rvcu0CKKBbRZJ/rS1PGY5vc/DFDW9/ioYNgPueR5bMds/qdpDMHNhlYT9fb7nDms6X6k3F5lJAL9j7M17pbQ=="
    },
    "typescript": {
      "version": "3.1.6",
      "resolved": "https://registry.npmjs.org/typescript/-/typescript-3.1.6.tgz",
      "integrity": "sha512-tDMYfVtvpb96msS1lDX9MEdHrW4yOuZ4Kdc4Him9oU796XldPYF/t2+uKoX0BBa0hXXwDlqYQbXY5Rzjzc5hBA==",
      "dev": true
    },
    "value-index-pair-interface": {
      "version": "1.0.1",
      "resolved": "https://registry.npmjs.org/value-index-pair-interface/-/value-index-pair-interface-1.0.1.tgz",
      "integrity": "sha512-Vk3EU8nH9ZXR21pBvEAkVb+h1eRGWRuoVWlJyUMC1r+TVXHWmGmhl7hm6YgJSngR3zXvPCJHnPfqFvS6N80Axw=="
    }
  }
}
